// !$*UTF8*$!
{
	archiveVersion = 1;
	classes = {
	};
	objectVersion = 56;
	objects = {

/* Begin PBXBuildFile section */
		0807F5992B1495500068A5DA /* Coredata.swift in Sources */ = {isa = PBXBuildFile; fileRef = 0807F5982B1495500068A5DA /* Coredata.swift */; };
		0834A6992B1880F1009DB978 /* Foods+CoreDataClass.swift in Sources */ = {isa = PBXBuildFile; fileRef = 0834A6952B1880F1009DB978 /* Foods+CoreDataClass.swift */; };
		0834A69A2B1880F1009DB978 /* Foods+CoreDataProperties.swift in Sources */ = {isa = PBXBuildFile; fileRef = 0834A6962B1880F1009DB978 /* Foods+CoreDataProperties.swift */; };
		0834A69B2B1880F1009DB978 /* Favorite+CoreDataClass.swift in Sources */ = {isa = PBXBuildFile; fileRef = 0834A6972B1880F1009DB978 /* Favorite+CoreDataClass.swift */; };
		0834A69C2B1880F1009DB978 /* Favorite+CoreDataProperties.swift in Sources */ = {isa = PBXBuildFile; fileRef = 0834A6982B1880F1009DB978 /* Favorite+CoreDataProperties.swift */; };
		085F2C722B32E5DB003E246D /* API.swift in Sources */ = {isa = PBXBuildFile; fileRef = 085F2C712B32E5DB003E246D /* API.swift */; };
		087D27962B3322F1001385A4 /* CircleProgressBar.swift in Sources */ = {isa = PBXBuildFile; fileRef = 087D27952B3322F1001385A4 /* CircleProgressBar.swift */; };
		087D279D2B3441AE001385A4 /* MaxValueCircle+CoreDataClass.swift in Sources */ = {isa = PBXBuildFile; fileRef = 087D279B2B3441AE001385A4 /* MaxValueCircle+CoreDataClass.swift */; };
		087D279E2B3441AE001385A4 /* MaxValueCircle+CoreDataProperties.swift in Sources */ = {isa = PBXBuildFile; fileRef = 087D279C2B3441AE001385A4 /* MaxValueCircle+CoreDataProperties.swift */; };
		0883C0B72B0E160D00D55176 /* AppDelegate.swift in Sources */ = {isa = PBXBuildFile; fileRef = 0883C0B62B0E160D00D55176 /* AppDelegate.swift */; };
		0883C0B92B0E160D00D55176 /* SceneDelegate.swift in Sources */ = {isa = PBXBuildFile; fileRef = 0883C0B82B0E160D00D55176 /* SceneDelegate.swift */; };
		0883C0BB2B0E160D00D55176 /* ViewController.swift in Sources */ = {isa = PBXBuildFile; fileRef = 0883C0BA2B0E160D00D55176 /* ViewController.swift */; };
		0883C0BE2B0E160D00D55176 /* Main.storyboard in Resources */ = {isa = PBXBuildFile; fileRef = 0883C0BC2B0E160D00D55176 /* Main.storyboard */; };
		0883C0C12B0E160D00D55176 /* cafoll.xcdatamodeld in Sources */ = {isa = PBXBuildFile; fileRef = 0883C0BF2B0E160D00D55176 /* cafoll.xcdatamodeld */; };
		0883C0C32B0E160F00D55176 /* Assets.xcassets in Resources */ = {isa = PBXBuildFile; fileRef = 0883C0C22B0E160F00D55176 /* Assets.xcassets */; };
		0883C0C62B0E160F00D55176 /* LaunchScreen.storyboard in Resources */ = {isa = PBXBuildFile; fileRef = 0883C0C42B0E160F00D55176 /* LaunchScreen.storyboard */; };
		08856CEE2B1DF8E600466AAB /* Cells.swift in Sources */ = {isa = PBXBuildFile; fileRef = 08856CED2B1DF8E600466AAB /* Cells.swift */; };
		08856CF22B1E097C00466AAB /* HomeViewController.swift in Sources */ = {isa = PBXBuildFile; fileRef = 08856CF12B1E097C00466AAB /* HomeViewController.swift */; };
		08856CFC2B1E25B400466AAB /* Breakfast+CoreDataClass.swift in Sources */ = {isa = PBXBuildFile; fileRef = 08856CF42B1E25B400466AAB /* Breakfast+CoreDataClass.swift */; };
		08856CFD2B1E25B400466AAB /* Breakfast+CoreDataProperties.swift in Sources */ = {isa = PBXBuildFile; fileRef = 08856CF52B1E25B400466AAB /* Breakfast+CoreDataProperties.swift */; };
		08856CFE2B1E25B400466AAB /* Lunch+CoreDataClass.swift in Sources */ = {isa = PBXBuildFile; fileRef = 08856CF62B1E25B400466AAB /* Lunch+CoreDataClass.swift */; };
		08856CFF2B1E25B400466AAB /* Lunch+CoreDataProperties.swift in Sources */ = {isa = PBXBuildFile; fileRef = 08856CF72B1E25B400466AAB /* Lunch+CoreDataProperties.swift */; };
		08856D002B1E25B400466AAB /* Snack+CoreDataClass.swift in Sources */ = {isa = PBXBuildFile; fileRef = 08856CF82B1E25B400466AAB /* Snack+CoreDataClass.swift */; };
		08856D012B1E25B400466AAB /* Snack+CoreDataProperties.swift in Sources */ = {isa = PBXBuildFile; fileRef = 08856CF92B1E25B400466AAB /* Snack+CoreDataProperties.swift */; };
		08856D022B1E25B400466AAB /* Dinner+CoreDataClass.swift in Sources */ = {isa = PBXBuildFile; fileRef = 08856CFA2B1E25B400466AAB /* Dinner+CoreDataClass.swift */; };
		08856D032B1E25B400466AAB /* Dinner+CoreDataProperties.swift in Sources */ = {isa = PBXBuildFile; fileRef = 08856CFB2B1E25B400466AAB /* Dinner+CoreDataProperties.swift */; };
		08856D052B1E26B500466AAB /* Helper.swift in Sources */ = {isa = PBXBuildFile; fileRef = 08856D042B1E26B500466AAB /* Helper.swift */; };
		08856D072B1F391A00466AAB /* UI.swift in Sources */ = {isa = PBXBuildFile; fileRef = 08856D062B1F391A00466AAB /* UI.swift */; };
		08856D172B1F583200466AAB /* Charts.swift in Sources */ = {isa = PBXBuildFile; fileRef = 08856D162B1F583200466AAB /* Charts.swift */; };
/* End PBXBuildFile section */

/* Begin PBXFileReference section */
		0807F5982B1495500068A5DA /* Coredata.swift */ = {isa = PBXFileReference; lastKnownFileType = sourcecode.swift; path = Coredata.swift; sourceTree = "<group>"; };
		0834A6952B1880F1009DB978 /* Foods+CoreDataClass.swift */ = {isa = PBXFileReference; lastKnownFileType = sourcecode.swift; path = "Foods+CoreDataClass.swift"; sourceTree = "<group>"; };
		0834A6962B1880F1009DB978 /* Foods+CoreDataProperties.swift */ = {isa = PBXFileReference; lastKnownFileType = sourcecode.swift; path = "Foods+CoreDataProperties.swift"; sourceTree = "<group>"; };
		0834A6972B1880F1009DB978 /* Favorite+CoreDataClass.swift */ = {isa = PBXFileReference; lastKnownFileType = sourcecode.swift; path = "Favorite+CoreDataClass.swift"; sourceTree = "<group>"; };
		0834A6982B1880F1009DB978 /* Favorite+CoreDataProperties.swift */ = {isa = PBXFileReference; lastKnownFileType = sourcecode.swift; path = "Favorite+CoreDataProperties.swift"; sourceTree = "<group>"; };
		085F2C712B32E5DB003E246D /* API.swift */ = {isa = PBXFileReference; lastKnownFileType = sourcecode.swift; path = API.swift; sourceTree = "<group>"; };
		087D27952B3322F1001385A4 /* CircleProgressBar.swift */ = {isa = PBXFileReference; lastKnownFileType = sourcecode.swift; path = CircleProgressBar.swift; sourceTree = "<group>"; };
		087D279B2B3441AE001385A4 /* MaxValueCircle+CoreDataClass.swift */ = {isa = PBXFileReference; lastKnownFileType = sourcecode.swift; path = "MaxValueCircle+CoreDataClass.swift"; sourceTree = "<group>"; };
		087D279C2B3441AE001385A4 /* MaxValueCircle+CoreDataProperties.swift */ = {isa = PBXFileReference; lastKnownFileType = sourcecode.swift; path = "MaxValueCircle+CoreDataProperties.swift"; sourceTree = "<group>"; };
		0883C0B32B0E160D00D55176 /* cafoll.app */ = {isa = PBXFileReference; explicitFileType = wrapper.application; includeInIndex = 0; path = cafoll.app; sourceTree = BUILT_PRODUCTS_DIR; };
		0883C0B62B0E160D00D55176 /* AppDelegate.swift */ = {isa = PBXFileReference; lastKnownFileType = sourcecode.swift; path = AppDelegate.swift; sourceTree = "<group>"; };
		0883C0B82B0E160D00D55176 /* SceneDelegate.swift */ = {isa = PBXFileReference; lastKnownFileType = sourcecode.swift; path = SceneDelegate.swift; sourceTree = "<group>"; };
		0883C0BA2B0E160D00D55176 /* ViewController.swift */ = {isa = PBXFileReference; lastKnownFileType = sourcecode.swift; path = ViewController.swift; sourceTree = "<group>"; };
		0883C0BD2B0E160D00D55176 /* Base */ = {isa = PBXFileReference; lastKnownFileType = file.storyboard; name = Base; path = Base.lproj/Main.storyboard; sourceTree = "<group>"; };
		0883C0C02B0E160D00D55176 /* cafoll.xcdatamodel */ = {isa = PBXFileReference; lastKnownFileType = wrapper.xcdatamodel; path = cafoll.xcdatamodel; sourceTree = "<group>"; };
		0883C0C22B0E160F00D55176 /* Assets.xcassets */ = {isa = PBXFileReference; lastKnownFileType = folder.assetcatalog; path = Assets.xcassets; sourceTree = "<group>"; };
		0883C0C52B0E160F00D55176 /* Base */ = {isa = PBXFileReference; lastKnownFileType = file.storyboard; name = Base; path = Base.lproj/LaunchScreen.storyboard; sourceTree = "<group>"; };
		0883C0C72B0E160F00D55176 /* Info.plist */ = {isa = PBXFileReference; lastKnownFileType = text.plist.xml; path = Info.plist; sourceTree = "<group>"; };
		08856CED2B1DF8E600466AAB /* Cells.swift */ = {isa = PBXFileReference; fileEncoding = 4; lastKnownFileType = sourcecode.swift; path = Cells.swift; sourceTree = "<group>"; };
		08856CF12B1E097C00466AAB /* HomeViewController.swift */ = {isa = PBXFileReference; lastKnownFileType = sourcecode.swift; path = HomeViewController.swift; sourceTree = "<group>"; };
		08856CF42B1E25B400466AAB /* Breakfast+CoreDataClass.swift */ = {isa = PBXFileReference; lastKnownFileType = sourcecode.swift; path = "Breakfast+CoreDataClass.swift"; sourceTree = "<group>"; };
		08856CF52B1E25B400466AAB /* Breakfast+CoreDataProperties.swift */ = {isa = PBXFileReference; lastKnownFileType = sourcecode.swift; path = "Breakfast+CoreDataProperties.swift"; sourceTree = "<group>"; };
		08856CF62B1E25B400466AAB /* Lunch+CoreDataClass.swift */ = {isa = PBXFileReference; lastKnownFileType = sourcecode.swift; path = "Lunch+CoreDataClass.swift"; sourceTree = "<group>"; };
		08856CF72B1E25B400466AAB /* Lunch+CoreDataProperties.swift */ = {isa = PBXFileReference; lastKnownFileType = sourcecode.swift; path = "Lunch+CoreDataProperties.swift"; sourceTree = "<group>"; };
		08856CF82B1E25B400466AAB /* Snack+CoreDataClass.swift */ = {isa = PBXFileReference; lastKnownFileType = sourcecode.swift; path = "Snack+CoreDataClass.swift"; sourceTree = "<group>"; };
		08856CF92B1E25B400466AAB /* Snack+CoreDataProperties.swift */ = {isa = PBXFileReference; lastKnownFileType = sourcecode.swift; path = "Snack+CoreDataProperties.swift"; sourceTree = "<group>"; };
		08856CFA2B1E25B400466AAB /* Dinner+CoreDataClass.swift */ = {isa = PBXFileReference; lastKnownFileType = sourcecode.swift; path = "Dinner+CoreDataClass.swift"; sourceTree = "<group>"; };
		08856CFB2B1E25B400466AAB /* Dinner+CoreDataProperties.swift */ = {isa = PBXFileReference; lastKnownFileType = sourcecode.swift; path = "Dinner+CoreDataProperties.swift"; sourceTree = "<group>"; };
		08856D042B1E26B500466AAB /* Helper.swift */ = {isa = PBXFileReference; lastKnownFileType = sourcecode.swift; path = Helper.swift; sourceTree = "<group>"; };
		08856D062B1F391A00466AAB /* UI.swift */ = {isa = PBXFileReference; lastKnownFileType = sourcecode.swift; path = UI.swift; sourceTree = "<group>"; };
		08856D162B1F583200466AAB /* Charts.swift */ = {isa = PBXFileReference; lastKnownFileType = sourcecode.swift; path = Charts.swift; sourceTree = "<group>"; };
/* End PBXFileReference section */

/* Begin PBXFrameworksBuildPhase section */
		0883C0B02B0E160D00D55176 /* Frameworks */ = {
			isa = PBXFrameworksBuildPhase;
			buildActionMask = 2147483647;
			files = (
			);
			runOnlyForDeploymentPostprocessing = 0;
		};
/* End PBXFrameworksBuildPhase section */

/* Begin PBXGroup section */
		0883C0AA2B0E160D00D55176 = {
			isa = PBXGroup;
			children = (
				0883C0B52B0E160D00D55176 /* cafoll */,
				0883C0B42B0E160D00D55176 /* Products */,
			);
			sourceTree = "<group>";
		};
		0883C0B42B0E160D00D55176 /* Products */ = {
			isa = PBXGroup;
			children = (
				0883C0B32B0E160D00D55176 /* cafoll.app */,
			);
			name = Products;
			sourceTree = "<group>";
		};
		0883C0B52B0E160D00D55176 /* cafoll */ = {
			isa = PBXGroup;
			children = (
				0883C0C72B0E160F00D55176 /* Info.plist */,
				0883C0B62B0E160D00D55176 /* AppDelegate.swift */,
				0883C0B82B0E160D00D55176 /* SceneDelegate.swift */,
				0883C0C22B0E160F00D55176 /* Assets.xcassets */,
				0883C0BF2B0E160D00D55176 /* cafoll.xcdatamodeld */,
				0883C0FE2B0F0E0E00D55176 /* CoreData */,
				08856CEF2B1E092D00466AAB /* Storyboards */,
				08856CF32B1E0A7800466AAB /* Helpers */,
				08856CF02B1E093D00466AAB /* ViewControllers */,
			);
			path = cafoll;
			sourceTree = "<group>";
		};
		0883C0FE2B0F0E0E00D55176 /* CoreData */ = {
			isa = PBXGroup;
			children = (
				087D279B2B3441AE001385A4 /* MaxValueCircle+CoreDataClass.swift */,
				087D279C2B3441AE001385A4 /* MaxValueCircle+CoreDataProperties.swift */,
				08856CF42B1E25B400466AAB /* Breakfast+CoreDataClass.swift */,
				08856CF52B1E25B400466AAB /* Breakfast+CoreDataProperties.swift */,
				08856CF62B1E25B400466AAB /* Lunch+CoreDataClass.swift */,
				08856CF72B1E25B400466AAB /* Lunch+CoreDataProperties.swift */,
				08856CF82B1E25B400466AAB /* Snack+CoreDataClass.swift */,
				08856CF92B1E25B400466AAB /* Snack+CoreDataProperties.swift */,
				08856CFA2B1E25B400466AAB /* Dinner+CoreDataClass.swift */,
				08856CFB2B1E25B400466AAB /* Dinner+CoreDataProperties.swift */,
				0834A6952B1880F1009DB978 /* Foods+CoreDataClass.swift */,
				0834A6962B1880F1009DB978 /* Foods+CoreDataProperties.swift */,
				0834A6972B1880F1009DB978 /* Favorite+CoreDataClass.swift */,
				0834A6982B1880F1009DB978 /* Favorite+CoreDataProperties.swift */,
			);
			path = CoreData;
			sourceTree = "<group>";
		};
		08856CEF2B1E092D00466AAB /* Storyboards */ = {
			isa = PBXGroup;
			children = (
				0883C0BC2B0E160D00D55176 /* Main.storyboard */,
				0883C0C42B0E160F00D55176 /* LaunchScreen.storyboard */,
			);
			path = Storyboards;
			sourceTree = "<group>";
		};
		08856CF02B1E093D00466AAB /* ViewControllers */ = {
			isa = PBXGroup;
			children = (
				0883C0BA2B0E160D00D55176 /* ViewController.swift */,
				08856CF12B1E097C00466AAB /* HomeViewController.swift */,
			);
			path = ViewControllers;
			sourceTree = "<group>";
		};
		08856CF32B1E0A7800466AAB /* Helpers */ = {
			isa = PBXGroup;
			children = (
				087D27952B3322F1001385A4 /* CircleProgressBar.swift */,
				08856D062B1F391A00466AAB /* UI.swift */,
				085F2C712B32E5DB003E246D /* API.swift */,
				0807F5982B1495500068A5DA /* Coredata.swift */,
				08856D042B1E26B500466AAB /* Helper.swift */,
				08856D162B1F583200466AAB /* Charts.swift */,
				08856CED2B1DF8E600466AAB /* Cells.swift */,
			);
			path = Helpers;
			sourceTree = "<group>";
		};
/* End PBXGroup section */

/* Begin PBXNativeTarget section */
		0883C0B22B0E160D00D55176 /* cafoll */ = {
			isa = PBXNativeTarget;
			buildConfigurationList = 0883C0CA2B0E160F00D55176 /* Build configuration list for PBXNativeTarget "cafoll" */;
			buildPhases = (
				0883C0AF2B0E160D00D55176 /* Sources */,
				0883C0B02B0E160D00D55176 /* Frameworks */,
				0883C0B12B0E160D00D55176 /* Resources */,
			);
			buildRules = (
			);
			dependencies = (
			);
			name = cafoll;
			packageProductDependencies = (
			);
			productName = cafoll;
			productReference = 0883C0B32B0E160D00D55176 /* cafoll.app */;
			productType = "com.apple.product-type.application";
		};
/* End PBXNativeTarget section */

/* Begin PBXProject section */
		0883C0AB2B0E160D00D55176 /* Project object */ = {
			isa = PBXProject;
			attributes = {
				BuildIndependentTargetsInParallel = 1;
				LastSwiftUpdateCheck = 1500;
				LastUpgradeCheck = 1500;
				TargetAttributes = {
					0883C0B22B0E160D00D55176 = {
						CreatedOnToolsVersion = 15.0.1;
					};
				};
			};
			buildConfigurationList = 0883C0AE2B0E160D00D55176 /* Build configuration list for PBXProject "cafoll" */;
			compatibilityVersion = "Xcode 14.0";
			developmentRegion = en;
			hasScannedForEncodings = 0;
			knownRegions = (
				en,
				Base,
			);
			mainGroup = 0883C0AA2B0E160D00D55176;
			packageReferences = (
			);
			productRefGroup = 0883C0B42B0E160D00D55176 /* Products */;
			projectDirPath = "";
			projectRoot = "";
			targets = (
				0883C0B22B0E160D00D55176 /* cafoll */,
			);
		};
/* End PBXProject section */

/* Begin PBXResourcesBuildPhase section */
		0883C0B12B0E160D00D55176 /* Resources */ = {
			isa = PBXResourcesBuildPhase;
			buildActionMask = 2147483647;
			files = (
				0883C0C62B0E160F00D55176 /* LaunchScreen.storyboard in Resources */,
				0883C0C32B0E160F00D55176 /* Assets.xcassets in Resources */,
				0883C0BE2B0E160D00D55176 /* Main.storyboard in Resources */,
			);
			runOnlyForDeploymentPostprocessing = 0;
		};
/* End PBXResourcesBuildPhase section */

/* Begin PBXSourcesBuildPhase section */
		0883C0AF2B0E160D00D55176 /* Sources */ = {
			isa = PBXSourcesBuildPhase;
			buildActionMask = 2147483647;
			files = (
				0883C0C12B0E160D00D55176 /* cafoll.xcdatamodeld in Sources */,
				0834A69C2B1880F1009DB978 /* Favorite+CoreDataProperties.swift in Sources */,
				08856CFE2B1E25B400466AAB /* Lunch+CoreDataClass.swift in Sources */,
				08856D022B1E25B400466AAB /* Dinner+CoreDataClass.swift in Sources */,
				08856CFD2B1E25B400466AAB /* Breakfast+CoreDataProperties.swift in Sources */,
				08856D012B1E25B400466AAB /* Snack+CoreDataProperties.swift in Sources */,
				087D279E2B3441AE001385A4 /* MaxValueCircle+CoreDataProperties.swift in Sources */,
				087D27962B3322F1001385A4 /* CircleProgressBar.swift in Sources */,
				0883C0BB2B0E160D00D55176 /* ViewController.swift in Sources */,
				08856D052B1E26B500466AAB /* Helper.swift in Sources */,
				08856D072B1F391A00466AAB /* UI.swift in Sources */,
				08856CFC2B1E25B400466AAB /* Breakfast+CoreDataClass.swift in Sources */,
				0883C0B72B0E160D00D55176 /* AppDelegate.swift in Sources */,
				08856CFF2B1E25B400466AAB /* Lunch+CoreDataProperties.swift in Sources */,
				08856D172B1F583200466AAB /* Charts.swift in Sources */,
				08856D002B1E25B400466AAB /* Snack+CoreDataClass.swift in Sources */,
				0834A69B2B1880F1009DB978 /* Favorite+CoreDataClass.swift in Sources */,
				085F2C722B32E5DB003E246D /* API.swift in Sources */,
				08856D032B1E25B400466AAB /* Dinner+CoreDataProperties.swift in Sources */,
				0807F5992B1495500068A5DA /* Coredata.swift in Sources */,
				0883C0B92B0E160D00D55176 /* SceneDelegate.swift in Sources */,
				087D279D2B3441AE001385A4 /* MaxValueCircle+CoreDataClass.swift in Sources */,
				08856CF22B1E097C00466AAB /* HomeViewController.swift in Sources */,
				08856CEE2B1DF8E600466AAB /* Cells.swift in Sources */,
				0834A6992B1880F1009DB978 /* Foods+CoreDataClass.swift in Sources */,
				0834A69A2B1880F1009DB978 /* Foods+CoreDataProperties.swift in Sources */,
			);
			runOnlyForDeploymentPostprocessing = 0;
		};
/* End PBXSourcesBuildPhase section */

/* Begin PBXVariantGroup section */
		0883C0BC2B0E160D00D55176 /* Main.storyboard */ = {
			isa = PBXVariantGroup;
			children = (
				0883C0BD2B0E160D00D55176 /* Base */,
			);
			name = Main.storyboard;
			sourceTree = "<group>";
		};
		0883C0C42B0E160F00D55176 /* LaunchScreen.storyboard */ = {
			isa = PBXVariantGroup;
			children = (
				0883C0C52B0E160F00D55176 /* Base */,
			);
			name = LaunchScreen.storyboard;
			sourceTree = "<group>";
		};
/* End PBXVariantGroup section */

/* Begin XCBuildConfiguration section */
		0883C0C82B0E160F00D55176 /* Debug */ = {
			isa = XCBuildConfiguration;
			buildSettings = {
				ALWAYS_SEARCH_USER_PATHS = NO;
				ASSETCATALOG_COMPILER_GENERATE_SWIFT_ASSET_SYMBOL_EXTENSIONS = YES;
				CLANG_ANALYZER_NONNULL = YES;
				CLANG_ANALYZER_NUMBER_OBJECT_CONVERSION = YES_AGGRESSIVE;
				CLANG_CXX_LANGUAGE_STANDARD = "gnu++20";
				CLANG_ENABLE_MODULES = YES;
				CLANG_ENABLE_OBJC_ARC = YES;
				CLANG_ENABLE_OBJC_WEAK = YES;
				CLANG_WARN_BLOCK_CAPTURE_AUTORELEASING = YES;
				CLANG_WARN_BOOL_CONVERSION = YES;
				CLANG_WARN_COMMA = YES;
				CLANG_WARN_CONSTANT_CONVERSION = YES;
				CLANG_WARN_DEPRECATED_OBJC_IMPLEMENTATIONS = YES;
				CLANG_WARN_DIRECT_OBJC_ISA_USAGE = YES_ERROR;
				CLANG_WARN_DOCUMENTATION_COMMENTS = YES;
				CLANG_WARN_EMPTY_BODY = YES;
				CLANG_WARN_ENUM_CONVERSION = YES;
				CLANG_WARN_INFINITE_RECURSION = YES;
				CLANG_WARN_INT_CONVERSION = YES;
				CLANG_WARN_NON_LITERAL_NULL_CONVERSION = YES;
				CLANG_WARN_OBJC_IMPLICIT_RETAIN_SELF = YES;
				CLANG_WARN_OBJC_LITERAL_CONVERSION = YES;
				CLANG_WARN_OBJC_ROOT_CLASS = YES_ERROR;
				CLANG_WARN_QUOTED_INCLUDE_IN_FRAMEWORK_HEADER = YES;
				CLANG_WARN_RANGE_LOOP_ANALYSIS = YES;
				CLANG_WARN_STRICT_PROTOTYPES = YES;
				CLANG_WARN_SUSPICIOUS_MOVE = YES;
				CLANG_WARN_UNGUARDED_AVAILABILITY = YES_AGGRESSIVE;
				CLANG_WARN_UNREACHABLE_CODE = YES;
				CLANG_WARN__DUPLICATE_METHOD_MATCH = YES;
				COPY_PHASE_STRIP = NO;
				DEBUG_INFORMATION_FORMAT = dwarf;
				ENABLE_STRICT_OBJC_MSGSEND = YES;
				ENABLE_TESTABILITY = YES;
				ENABLE_USER_SCRIPT_SANDBOXING = YES;
				GCC_C_LANGUAGE_STANDARD = gnu17;
				GCC_DYNAMIC_NO_PIC = NO;
				GCC_NO_COMMON_BLOCKS = YES;
				GCC_OPTIMIZATION_LEVEL = 0;
				GCC_PREPROCESSOR_DEFINITIONS = (
					"DEBUG=1",
					"$(inherited)",
				);
				GCC_WARN_64_TO_32_BIT_CONVERSION = YES;
				GCC_WARN_ABOUT_RETURN_TYPE = YES_ERROR;
				GCC_WARN_UNDECLARED_SELECTOR = YES;
				GCC_WARN_UNINITIALIZED_AUTOS = YES_AGGRESSIVE;
				GCC_WARN_UNUSED_FUNCTION = YES;
				GCC_WARN_UNUSED_VARIABLE = YES;
				IPHONEOS_DEPLOYMENT_TARGET = 17.0;
				LOCALIZATION_PREFERS_STRING_CATALOGS = YES;
				MTL_ENABLE_DEBUG_INFO = INCLUDE_SOURCE;
				MTL_FAST_MATH = YES;
				ONLY_ACTIVE_ARCH = YES;
				SDKROOT = iphoneos;
				SWIFT_ACTIVE_COMPILATION_CONDITIONS = "DEBUG $(inherited)";
				SWIFT_OPTIMIZATION_LEVEL = "-Onone";
			};
			name = Debug;
		};
		0883C0C92B0E160F00D55176 /* Release */ = {
			isa = XCBuildConfiguration;
			buildSettings = {
				ALWAYS_SEARCH_USER_PATHS = NO;
				ASSETCATALOG_COMPILER_GENERATE_SWIFT_ASSET_SYMBOL_EXTENSIONS = YES;
				CLANG_ANALYZER_NONNULL = YES;
				CLANG_ANALYZER_NUMBER_OBJECT_CONVERSION = YES_AGGRESSIVE;
				CLANG_CXX_LANGUAGE_STANDARD = "gnu++20";
				CLANG_ENABLE_MODULES = YES;
				CLANG_ENABLE_OBJC_ARC = YES;
				CLANG_ENABLE_OBJC_WEAK = YES;
				CLANG_WARN_BLOCK_CAPTURE_AUTORELEASING = YES;
				CLANG_WARN_BOOL_CONVERSION = YES;
				CLANG_WARN_COMMA = YES;
				CLANG_WARN_CONSTANT_CONVERSION = YES;
				CLANG_WARN_DEPRECATED_OBJC_IMPLEMENTATIONS = YES;
				CLANG_WARN_DIRECT_OBJC_ISA_USAGE = YES_ERROR;
				CLANG_WARN_DOCUMENTATION_COMMENTS = YES;
				CLANG_WARN_EMPTY_BODY = YES;
				CLANG_WARN_ENUM_CONVERSION = YES;
				CLANG_WARN_INFINITE_RECURSION = YES;
				CLANG_WARN_INT_CONVERSION = YES;
				CLANG_WARN_NON_LITERAL_NULL_CONVERSION = YES;
				CLANG_WARN_OBJC_IMPLICIT_RETAIN_SELF = YES;
				CLANG_WARN_OBJC_LITERAL_CONVERSION = YES;
				CLANG_WARN_OBJC_ROOT_CLASS = YES_ERROR;
				CLANG_WARN_QUOTED_INCLUDE_IN_FRAMEWORK_HEADER = YES;
				CLANG_WARN_RANGE_LOOP_ANALYSIS = YES;
				CLANG_WARN_STRICT_PROTOTYPES = YES;
				CLANG_WARN_SUSPICIOUS_MOVE = YES;
				CLANG_WARN_UNGUARDED_AVAILABILITY = YES_AGGRESSIVE;
				CLANG_WARN_UNREACHABLE_CODE = YES;
				CLANG_WARN__DUPLICATE_METHOD_MATCH = YES;
				COPY_PHASE_STRIP = NO;
				DEBUG_INFORMATION_FORMAT = "dwarf-with-dsym";
				ENABLE_NS_ASSERTIONS = NO;
				ENABLE_STRICT_OBJC_MSGSEND = YES;
				ENABLE_USER_SCRIPT_SANDBOXING = YES;
				GCC_C_LANGUAGE_STANDARD = gnu17;
				GCC_NO_COMMON_BLOCKS = YES;
				GCC_WARN_64_TO_32_BIT_CONVERSION = YES;
				GCC_WARN_ABOUT_RETURN_TYPE = YES_ERROR;
				GCC_WARN_UNDECLARED_SELECTOR = YES;
				GCC_WARN_UNINITIALIZED_AUTOS = YES_AGGRESSIVE;
				GCC_WARN_UNUSED_FUNCTION = YES;
				GCC_WARN_UNUSED_VARIABLE = YES;
				IPHONEOS_DEPLOYMENT_TARGET = 17.0;
				LOCALIZATION_PREFERS_STRING_CATALOGS = YES;
				MTL_ENABLE_DEBUG_INFO = NO;
				MTL_FAST_MATH = YES;
				SDKROOT = iphoneos;
				SWIFT_COMPILATION_MODE = wholemodule;
				VALIDATE_PRODUCT = YES;
			};
			name = Release;
		};
		0883C0CB2B0E160F00D55176 /* Debug */ = {
			isa = XCBuildConfiguration;
			buildSettings = {
				ASSETCATALOG_COMPILER_APPICON_NAME = AppIcon;
				ASSETCATALOG_COMPILER_GLOBAL_ACCENT_COLOR_NAME = AccentColor;
				CODE_SIGN_STYLE = Automatic;
				CURRENT_PROJECT_VERSION = 1;
				DEVELOPMENT_TEAM = 4HM89MKD36;
				GENERATE_INFOPLIST_FILE = YES;
				INFOPLIST_FILE = cafoll/Info.plist;
				INFOPLIST_KEY_UIApplicationSupportsIndirectInputEvents = YES;
				INFOPLIST_KEY_UILaunchStoryboardName = LaunchScreen;
				INFOPLIST_KEY_UIMainStoryboardFile = Main;
				INFOPLIST_KEY_UISupportedInterfaceOrientations_iPad = "UIInterfaceOrientationPortrait UIInterfaceOrientationPortraitUpsideDown UIInterfaceOrientationLandscapeLeft UIInterfaceOrientationLandscapeRight";
				INFOPLIST_KEY_UISupportedInterfaceOrientations_iPhone = "UIInterfaceOrientationPortrait UIInterfaceOrientationLandscapeLeft UIInterfaceOrientationLandscapeRight";
				LD_RUNPATH_SEARCH_PATHS = (
					"$(inherited)",
					"@executable_path/Frameworks",
				);
				MARKETING_VERSION = 1.0;
				PRODUCT_BUNDLE_IDENTIFIER = cafoll.com.cafoll;
				PRODUCT_NAME = "$(TARGET_NAME)";
				SWIFT_EMIT_LOC_STRINGS = YES;
				SWIFT_VERSION = 5.0;
				TARGETED_DEVICE_FAMILY = "1,2";
			};
			name = Debug;
		};
		0883C0CC2B0E160F00D55176 /* Release */ = {
			isa = XCBuildConfiguration;
			buildSettings = {
				ASSETCATALOG_COMPILER_APPICON_NAME = AppIcon;
				ASSETCATALOG_COMPILER_GLOBAL_ACCENT_COLOR_NAME = AccentColor;
				CODE_SIGN_STYLE = Automatic;
				CURRENT_PROJECT_VERSION = 1;
				DEVELOPMENT_TEAM = 4HM89MKD36;
				GENERATE_INFOPLIST_FILE = YES;
				INFOPLIST_FILE = cafoll/Info.plist;
				INFOPLIST_KEY_UIApplicationSupportsIndirectInputEvents = YES;
				INFOPLIST_KEY_UILaunchStoryboardName = LaunchScreen;
				INFOPLIST_KEY_UIMainStoryboardFile = Main;
				INFOPLIST_KEY_UISupportedInterfaceOrientations_iPad = "UIInterfaceOrientationPortrait UIInterfaceOrientationPortraitUpsideDown UIInterfaceOrientationLandscapeLeft UIInterfaceOrientationLandscapeRight";
				INFOPLIST_KEY_UISupportedInterfaceOrientations_iPhone = "UIInterfaceOrientationPortrait UIInterfaceOrientationLandscapeLeft UIInterfaceOrientationLandscapeRight";
				LD_RUNPATH_SEARCH_PATHS = (
					"$(inherited)",
					"@executable_path/Frameworks",
				);
				MARKETING_VERSION = 1.0;
				PRODUCT_BUNDLE_IDENTIFIER = cafoll.com.cafoll;
				PRODUCT_NAME = "$(TARGET_NAME)";
				SWIFT_EMIT_LOC_STRINGS = YES;
				SWIFT_VERSION = 5.0;
				TARGETED_DEVICE_FAMILY = "1,2";
			};
			name = Release;
		};
/* End XCBuildConfiguration section */

/* Begin XCConfigurationList section */
		0883C0AE2B0E160D00D55176 /* Build configuration list for PBXProject "cafoll" */ = {
			isa = XCConfigurationList;
			buildConfigurations = (
				0883C0C82B0E160F00D55176 /* Debug */,
				0883C0C92B0E160F00D55176 /* Release */,
			);
			defaultConfigurationIsVisible = 0;
			defaultConfigurationName = Release;
		};
		0883C0CA2B0E160F00D55176 /* Build configuration list for PBXNativeTarget "cafoll" */ = {
			isa = XCConfigurationList;
			buildConfigurations = (
				0883C0CB2B0E160F00D55176 /* Debug */,
				0883C0CC2B0E160F00D55176 /* Release */,
			);
			defaultConfigurationIsVisible = 0;
			defaultConfigurationName = Release;
		};
/* End XCConfigurationList section */

/* Begin XCVersionGroup section */
		0883C0BF2B0E160D00D55176 /* cafoll.xcdatamodeld */ = {
			isa = XCVersionGroup;
			children = (
				0883C0C02B0E160D00D55176 /* cafoll.xcdatamodel */,
			);
			currentVersion = 0883C0C02B0E160D00D55176 /* cafoll.xcdatamodel */;
			path = cafoll.xcdatamodeld;
			sourceTree = "<group>";
			versionGroupType = wrapper.xcdatamodel;
		};
/* End XCVersionGroup section */
	};
	rootObject = 0883C0AB2B0E160D00D55176 /* Project object */;
}
